
Microsoft Visual Studio Solution File, Format Version 12.00
# Visual Studio 15
VisualStudioVersion = 15.0.26430.16
MinimumVisualStudioVersion = 10.0.40219.1
Project("{9A19103F-16F7-4668-BE54-9A1E7A4F7556}") = "HiddenTextEncoder", "HiddenTextEncoder\HiddenTextEncoder.csproj", "{C629F25F-3084-4549-9B10-0466B069564A}"
EndProject
Project("{FAE04EC0-301F-11D3-BF4B-00C04F79EFBC}") = "HiddenTextEncoder.Tests", "HiddenTextEncoder.Tests\HiddenTextEncoder.Tests.csproj", "{50422B0A-DA70-400F-8B01-ADBECBE2CD39}"
EndProject
Project("{FAE04EC0-301F-11D3-BF4B-00C04F79EFBC}") = "HiddenTextEncoder.UI", "HiddenTextEncoder.UI\HiddenTextEncoder.UI.csproj", "{92151D7A-C6F0-4810-BBF0-E7084BA13868}"
EndProject
Global
	GlobalSection(SolutionConfigurationPlatforms) = preSolution
		Debug|Any CPU = Debug|Any CPU
		Debug|ARM = Debug|ARM
		Debug|x64 = Debug|x64
		Debug|x86 = Debug|x86
		Release|Any CPU = Release|Any CPU
		Release|ARM = Release|ARM
		Release|x64 = Release|x64
		Release|x86 = Release|x86
	EndGlobalSection
	GlobalSection(ProjectConfigurationPlatforms) = postSolution
		{C629F25F-3084-4549-9B10-0466B069564A}.Debug|Any CPU.ActiveCfg = Debug|Any CPU
		{C629F25F-3084-4549-9B10-0466B069564A}.Debug|Any CPU.Build.0 = Debug|Any CPU
		{C629F25F-3084-4549-9B10-0466B069564A}.Debug|ARM.ActiveCfg = Debug|Any CPU
		{C629F25F-3084-4549-9B10-0466B069564A}.Debug|ARM.Build.0 = Debug|Any CPU
		{C629F25F-3084-4549-9B10-0466B069564A}.Debug|x64.ActiveCfg = Debug|Any CPU
		{C629F25F-3084-4549-9B10-0466B069564A}.Debug|x64.Build.0 = Debug|Any CPU
		{C629F25F-3084-4549-9B10-0466B069564A}.Debug|x86.ActiveCfg = Debug|Any CPU
		{C629F25F-3084-4549-9B10-0466B069564A}.Debug|x86.Build.0 = Debug|Any CPU
		{C629F25F-3084-4549-9B10-0466B069564A}.Release|Any CPU.ActiveCfg = Release|Any CPU
		{C629F25F-3084-4549-9B10-0466B069564A}.Release|Any CPU.Build.0 = Release|Any CPU
		{C629F25F-3084-4549-9B10-0466B069564A}.Release|ARM.ActiveCfg = Release|Any CPU
		{C629F25F-3084-4549-9B10-0466B069564A}.Release|ARM.Build.0 = Release|Any CPU
		{C629F25F-3084-4549-9B10-0466B069564A}.Release|x64.ActiveCfg = Release|Any CPU
		{C629F25F-3084-4549-9B10-0466B069564A}.Release|x64.Build.0 = Release|Any CPU
		{C629F25F-3084-4549-9B10-0466B069564A}.Release|x86.ActiveCfg = Release|Any CPU
		{C629F25F-3084-4549-9B10-0466B069564A}.Release|x86.Build.0 = Release|Any CPU
		{50422B0A-DA70-400F-8B01-ADBECBE2CD39}.Debug|Any CPU.ActiveCfg = Debug|Any CPU
		{50422B0A-DA70-400F-8B01-ADBECBE2CD39}.Debug|Any CPU.Build.0 = Debug|Any CPU
		{50422B0A-DA70-400F-8B01-ADBECBE2CD39}.Debug|ARM.ActiveCfg = Debug|Any CPU
		{50422B0A-DA70-400F-8B01-ADBECBE2CD39}.Debug|ARM.Build.0 = Debug|Any CPU
		{50422B0A-DA70-400F-8B01-ADBECBE2CD39}.Debug|x64.ActiveCfg = Debug|Any CPU
		{50422B0A-DA70-400F-8B01-ADBECBE2CD39}.Debug|x64.Build.0 = Debug|Any CPU
		{50422B0A-DA70-400F-8B01-ADBECBE2CD39}.Debug|x86.ActiveCfg = Debug|Any CPU
		{50422B0A-DA70-400F-8B01-ADBECBE2CD39}.Debug|x86.Build.0 = Debug|Any CPU
		{50422B0A-DA70-400F-8B01-ADBECBE2CD39}.Release|Any CPU.ActiveCfg = Release|Any CPU
		{50422B0A-DA70-400F-8B01-ADBECBE2CD39}.Release|Any CPU.Build.0 = Release|Any CPU
		{50422B0A-DA70-400F-8B01-ADBECBE2CD39}.Release|ARM.ActiveCfg = Release|Any CPU
		{50422B0A-DA70-400F-8B01-ADBECBE2CD39}.Release|ARM.Build.0 = Release|Any CPU
		{50422B0A-DA70-400F-8B01-ADBECBE2CD39}.Release|x64.ActiveCfg = Release|Any CPU
		{50422B0A-DA70-400F-8B01-ADBECBE2CD39}.Release|x64.Build.0 = Release|Any CPU
		{50422B0A-DA70-400F-8B01-ADBECBE2CD39}.Release|x86.ActiveCfg = Release|Any CPU
		{50422B0A-DA70-400F-8B01-ADBECBE2CD39}.Release|x86.Build.0 = Release|Any CPU
		{92151D7A-C6F0-4810-BBF0-E7084BA13868}.Debug|Any CPU.ActiveCfg = Debug|x86
		{92151D7A-C6F0-4810-BBF0-E7084BA13868}.Debug|Any CPU.Build.0 = Debug|x86
		{92151D7A-C6F0-4810-BBF0-E7084BA13868}.Debug|Any CPU.Deploy.0 = Debug|x86
		{92151D7A-C6F0-4810-BBF0-E7084BA13868}.Debug|ARM.ActiveCfg = Debug|ARM
		{92151D7A-C6F0-4810-BBF0-E7084BA13868}.Debug|ARM.Build.0 = Debug|ARM
		{92151D7A-C6F0-4810-BBF0-E7084BA13868}.Debug|ARM.Deploy.0 = Debug|ARM
		{92151D7A-C6F0-4810-BBF0-E7084BA13868}.Debug|x64.ActiveCfg = Debug|x64
		{92151D7A-C6F0-4810-BBF0-E7084BA13868}.Debug|x64.Build.0 = Debug|x64
		{92151D7A-C6F0-4810-BBF0-E7084BA13868}.Debug|x64.Deploy.0 = Debug|x64
		{92151D7A-C6F0-4810-BBF0-E7084BA13868}.Debug|x86.ActiveCfg = Debug|x86
		{92151D7A-C6F0-4810-BBF0-E7084BA13868}.Debug|x86.Build.0 = Debug|x86
		{92151D7A-C6F0-4810-BBF0-E7084BA13868}.Debug|x86.Deploy.0 = Debug|x86
		{92151D7A-C6F0-4810-BBF0-E7084BA13868}.Release|Any CPU.ActiveCfg = Release|x86
		{92151D7A-C6F0-4810-BBF0-E7084BA13868}.Release|ARM.ActiveCfg = Release|ARM
		{92151D7A-C6F0-4810-BBF0-E7084BA13868}.Release|ARM.Build.0 = Release|ARM
		{92151D7A-C6F0-4810-BBF0-E7084BA13868}.Release|ARM.Deploy.0 = Release|ARM
		{92151D7A-C6F0-4810-BBF0-E7084BA13868}.Release|x64.ActiveCfg = Release|x64
		{92151D7A-C6F0-4810-BBF0-E7084BA13868}.Release|x64.Build.0 = Release|x64
		{92151D7A-C6F0-4810-BBF0-E7084BA13868}.Release|x64.Deploy.0 = Release|x64
		{92151D7A-C6F0-4810-BBF0-E7084BA13868}.Release|x86.ActiveCfg = Release|x86
		{92151D7A-C6F0-4810-BBF0-E7084BA13868}.Release|x86.Build.0 = Release|x86
		{92151D7A-C6F0-4810-BBF0-E7084BA13868}.Release|x86.Deploy.0 = Release|x86
	EndGlobalSection
	GlobalSection(SolutionProperties) = preSolution
		HideSolutionNode = FALSE
	EndGlobalSection
EndGlobal
